# THIS IS AN AUTOGENERATED FILE. DO NOT EDIT THIS FILE DIRECTLY.
# yarn lockfile v1


"@types/d3-color@*":
  version "3.1.0"
  resolved "https://registry.yarnpkg.com/@types/d3-color/-/d3-color-3.1.0.tgz#6594da178ded6c7c3842f3cc0ac84b156f12f2d4"
  integrity sha512-HKuicPHJuvPgCD+np6Se9MQvS6OCbJmOjGvylzMJRlDwUXjKTTXs6Pwgk79O09Vj/ho3u1ofXnhFOaEWWPrlwA==

"@types/d3-interpolate@^3.0.1":
  version "3.0.1"
  resolved "https://registry.yarnpkg.com/@types/d3-interpolate/-/d3-interpolate-3.0.1.tgz#e7d17fa4a5830ad56fe22ce3b4fac8541a9572dc"
  integrity sha512-jx5leotSeac3jr0RePOH1KdR9rISG91QIE4Q2PYTu4OymLTZfA3SrnURSLzKH48HmXVUru50b8nje4E79oQSQw==
  dependencies:
    "@types/d3-color" "*"

"@types/d3-path@^1", "@types/d3-path@^1.0.8":
  version "1.0.9"
  resolved "https://registry.yarnpkg.com/@types/d3-path/-/d3-path-1.0.9.tgz#73526b150d14cd96e701597cbf346cfd1fd4a58c"
  integrity sha512-NaIeSIBiFgSC6IGUBjZWcscUJEq7vpVu7KthHN8eieTV9d9MqkSOZLH4chq1PmcKy06PNe3axLeKmRIyxJ+PZQ==

"@types/d3-sankey@^0.12.1":
  version "0.12.1"
  resolved "https://registry.yarnpkg.com/@types/d3-sankey/-/d3-sankey-0.12.1.tgz#3db94972ffb434a3d07e63c08c25c324fce07b34"
  integrity sha512-10X6l6lXB42udBNX9/fDN+kJuooifSMk7+x4U9815eobavldqis4wDdFQUQjMazh+qlzsUZsGzXKxfWFUVt+3w==
  dependencies:
    "@types/d3-shape" "^1"

"@types/d3-scale@^4.0.2":
  version "4.0.3"
  resolved "https://registry.yarnpkg.com/@types/d3-scale/-/d3-scale-4.0.3.tgz#7a5780e934e52b6f63ad9c24b105e33dd58102b5"
  integrity sha512-PATBiMCpvHJSMtZAMEhc2WyL+hnzarKzI6wAHYjhsonjWJYGq5BXTzQjv4l8m2jO183/4wZ90rKvSeT7o72xNQ==
  dependencies:
    "@types/d3-time" "*"

"@types/d3-shape@^1", "@types/d3-shape@^1.3.1":
  version "1.3.8"
  resolved "https://registry.yarnpkg.com/@types/d3-shape/-/d3-shape-1.3.8.tgz#c3c15ec7436b4ce24e38de517586850f1fea8e89"
  integrity sha512-gqfnMz6Fd5H6GOLYixOZP/xlrMtJms9BaS+6oWxTKHNqPGZ93BkWWupQSCYm6YHqx6h9wjRupuJb90bun6ZaYg==
  dependencies:
    "@types/d3-path" "^1"

"@types/d3-time@*":
  version "3.0.0"
  resolved "https://registry.yarnpkg.com/@types/d3-time/-/d3-time-3.0.0.tgz#e1ac0f3e9e195135361fa1a1d62f795d87e6e819"
  integrity sha512-sZLCdHvBUcNby1cB6Fd3ZBrABbjz3v1Vm90nysCQ6Vt7vd6e/h9Lt7SiJUoEX0l4Dzc7P5llKyhqSi1ycSf1Hg==

"@types/d3-time@^2.0.0":
  version "2.1.1"
  resolved "https://registry.yarnpkg.com/@types/d3-time/-/d3-time-2.1.1.tgz#743fdc821c81f86537cbfece07093ac39b4bc342"
  integrity sha512-9MVYlmIgmRR31C5b4FVSWtuMmBHh2mOWQYfl7XAYOa8dsnb7iEmUmRSWSFgXFtkjxO65d7hTUHQC+RhR/9IWFg==

"@types/lodash@^4.14.172":
  version "4.14.192"
  resolved "https://registry.yarnpkg.com/@types/lodash/-/lodash-4.14.192.tgz#5790406361a2852d332d41635d927f1600811285"
  integrity sha512-km+Vyn3BYm5ytMO13k9KTp27O75rbQ0NFw+U//g+PX7VZyjCioXaRFisqSIJRECljcTv73G3i6BpglNGHgUQ5A==

"@types/prop-types@*":
  version "15.7.5"
  resolved "https://registry.yarnpkg.com/@types/prop-types/-/prop-types-15.7.5.tgz#5f19d2b85a98e9558036f6a3cacc8819420f05cf"
  integrity sha512-JCB8C6SnDoQf0cNycqd/35A7MjcnK+ZTqE7judS6o7utxUCg6imJg3QK2qzHKszlTjcj2cn+NwMB2i96ubpj7w==

"@types/react@*":
  version "18.0.31"
  resolved "https://registry.yarnpkg.com/@types/react/-/react-18.0.31.tgz#a69ef8dd7bfa849734d258c793a8fe343a338205"
  integrity sha512-EEG67of7DsvRDU6BLLI0p+k1GojDLz9+lZsnCpCRTa/lOokvyPBvp8S5x+A24hME3yyQuIipcP70KJ6H7Qupww==
  dependencies:
    "@types/prop-types" "*"
    "@types/scheduler" "*"
    csstype "^3.0.2"

"@types/scheduler@*":
  version "0.16.3"
  resolved "https://registry.yarnpkg.com/@types/scheduler/-/scheduler-0.16.3.tgz#cef09e3ec9af1d63d2a6cc5b383a737e24e6dcf5"
  integrity sha512-5cJ8CB4yAx7BH1oMvdU0Jh9lrEXyPkar6F9G/ERswkCuvP4KQZfZkSjcMbAICCpQTN4OuZn8tz0HiKv9TGZgrQ==

"@visx/curve@3.0.0":
  version "3.0.0"
  resolved "https://registry.yarnpkg.com/@visx/curve/-/curve-3.0.0.tgz#c54568472e00a38483c58cf52e4a6ddb2887c2d4"
  integrity sha512-kvHJDLBeczTQ87ZExSTfRxej06l6o6UiQ0NHf9+xpAin06y6Qk1ThOHHWJTGM6KGzwlu7jEauJGHwZs6nMhDvA==
  dependencies:
    "@types/d3-shape" "^1.3.1"
    d3-shape "^1.0.6"

"@visx/gradient@^3.0.0":
  version "3.0.0"
  resolved "https://registry.yarnpkg.com/@visx/gradient/-/gradient-3.0.0.tgz#39b55dd5a0b34feb219fcb2ea5525388c5ae0c1b"
  integrity sha512-UoM9R9PIPLO/w7hCW9gFncrLdpKNqh13sLS9/0Iy6b75uP2l05FLG2HX4kXljeyOrj4/XyzRCMYm0HHk/p5iMA==
  dependencies:
    "@types/react" "*"
    prop-types "^15.5.7"

"@visx/group@3.0.0":
  version "3.0.0"
  resolved "https://registry.yarnpkg.com/@visx/group/-/group-3.0.0.tgz#e7f9752599bcc7e141ff5317a2a9a502577ab8df"
  integrity sha512-SFjXhTMcsaVAb1/TVL1KM5vn8gQTIVgSx0ATdDl4BJSFp2ym1lO8LY4jpV4SFweaHnWxVwrrfGLTn5QsYnvmjQ==
  dependencies:
    "@types/react" "*"
    classnames "^2.3.1"
    prop-types "^15.6.2"

"@visx/scale@3.0.0":
  version "3.0.0"
  resolved "https://registry.yarnpkg.com/@visx/scale/-/scale-3.0.0.tgz#727123f0c930d3346a4473e926831c45997e0312"
  integrity sha512-WSf+wrxZEvu5TPGfGTafzzX1MbogbIxfD9ZKM9p7xfw65v23G0dNMy4bqVBUbOJigONoQkIZyqQ+gz5AJ/ioIg==
  dependencies:
    "@types/d3-interpolate" "^3.0.1"
    "@types/d3-scale" "^4.0.2"
    "@types/d3-time" "^2.0.0"
    d3-interpolate "^3.0.1"
    d3-scale "^4.0.2"
    d3-time "^2.1.1"

"@visx/shape@^3.0.0":
  version "3.0.0"
  resolved "https://registry.yarnpkg.com/@visx/shape/-/shape-3.0.0.tgz#a1d4bd0e12cc94c164252f175997932a09c24652"
  integrity sha512-t6lpP9bIA1vwChDwiOUWl92ro29XF/M8IVNWRA0pm4LGxGGTACvxG3Agfcdi3JprahUVqPpnRCwuR36PDanq3Q==
  dependencies:
    "@types/d3-path" "^1.0.8"
    "@types/d3-shape" "^1.3.1"
    "@types/lodash" "^4.14.172"
    "@types/react" "*"
    "@visx/curve" "3.0.0"
    "@visx/group" "3.0.0"
    "@visx/scale" "3.0.0"
    classnames "^2.3.1"
    d3-path "^1.0.5"
    d3-shape "^1.2.0"
    lodash "^4.17.21"
    prop-types "^15.5.10"

classnames@^2.3.1:
  version "2.3.2"
  resolved "https://registry.yarnpkg.com/classnames/-/classnames-2.3.2.tgz#351d813bf0137fcc6a76a16b88208d2560a0d924"
  integrity sha512-CSbhY4cFEJRe6/GQzIk5qXZ4Jeg5pcsP7b5peFSDpffpe1cqjASH/n9UTjBwOp6XpMSTwQ8Za2K5V02ueA7Tmw==

csstype@^3.0.2:
  version "3.1.1"
  resolved "https://registry.yarnpkg.com/csstype/-/csstype-3.1.1.tgz#841b532c45c758ee546a11d5bd7b7b473c8c30b9"
  integrity sha512-DJR/VvkAvSZW9bTouZue2sSxDwdTN92uHjqeKVm+0dAqdfNykRzQ95tay8aXMBAAPpUiq4Qcug2L7neoRh2Egw==

"d3-array@1 - 2", d3-array@2:
  version "2.12.1"
  resolved "https://registry.yarnpkg.com/d3-array/-/d3-array-2.12.1.tgz#e20b41aafcdffdf5d50928004ececf815a465e81"
  integrity sha512-B0ErZK/66mHtEsR1TkPEEkwdy+WDesimkM5gpZr5Dsg54BiTA5RXtYW5qTLIAcekaS9xfZrzBLF/OAkB3Qn1YQ==
  dependencies:
    internmap "^1.0.0"

"d3-array@2 - 3", "d3-array@2.10.0 - 3":
  version "3.2.3"
  resolved "https://registry.yarnpkg.com/d3-array/-/d3-array-3.2.3.tgz#39f1f4954e4a09ff69ac597c2d61906b04e84740"
  integrity sha512-JRHwbQQ84XuAESWhvIPaUV4/1UYTBOLiOPGWqgFDHZS1D5QN9c57FbH3QpEnQMYiOXNzKUQyGTZf+EVO7RT5TQ==
  dependencies:
    internmap "1 - 2"

"d3-color@1 - 3":
  version "3.1.0"
  resolved "https://registry.yarnpkg.com/d3-color/-/d3-color-3.1.0.tgz#395b2833dfac71507f12ac2f7af23bf819de24e2"
  integrity sha512-zg/chbXyeBtMQ1LbD/WSoW2DpC3I0mpmPdW+ynRTj/x2DAWYrIY7qeZIHidozwV24m4iavr15lNwIwLxRmOxhA==

"d3-format@1 - 3":
  version "3.1.0"
  resolved "https://registry.yarnpkg.com/d3-format/-/d3-format-3.1.0.tgz#9260e23a28ea5cb109e93b21a06e24e2ebd55641"
  integrity sha512-YyUI6AEuY/Wpt8KWLgZHsIU86atmikuoOmCfommt0LYHiQSPjvX2AcFc38PX0CBpr2RCyZhjex+NS/LPOv6YqA==

"d3-interpolate@1.2.0 - 3", d3-interpolate@^3.0.1:
  version "3.0.1"
  resolved "https://registry.yarnpkg.com/d3-interpolate/-/d3-interpolate-3.0.1.tgz#3c47aa5b32c5b3dfb56ef3fd4342078a632b400d"
  integrity sha512-3bYs1rOD33uo8aqJfKP3JWPAibgw8Zm2+L9vBKEHJ2Rg+viTR7o5Mmv5mZcieN+FRYaAOWX5SJATX6k1PWz72g==
  dependencies:
    d3-color "1 - 3"

d3-path@1, d3-path@^1.0.5:
  version "1.0.9"
  resolved "https://registry.yarnpkg.com/d3-path/-/d3-path-1.0.9.tgz#48c050bb1fe8c262493a8caf5524e3e9591701cf"
  integrity sha512-VLaYcn81dtHVTjEHd8B+pbe9yHWpXKZUC87PzoFmsFrJqgFwDe/qxfp5MlfsfM1V5E/iVt0MmEbWQ7FVIXh/bg==

d3-sankey@^0.12.3:
  version "0.12.3"
  resolved "https://registry.yarnpkg.com/d3-sankey/-/d3-sankey-0.12.3.tgz#b3c268627bd72e5d80336e8de6acbfec9d15d01d"
  integrity sha512-nQhsBRmM19Ax5xEIPLMY9ZmJ/cDvd1BG3UVvt5h3WRxKg5zGRbvnteTyWAbzeSvlh3tW7ZEmq4VwR5mB3tutmQ==
  dependencies:
    d3-array "1 - 2"
    d3-shape "^1.2.0"

d3-scale@^4.0.2:
  version "4.0.2"
  resolved "https://registry.yarnpkg.com/d3-scale/-/d3-scale-4.0.2.tgz#82b38e8e8ff7080764f8dcec77bd4be393689396"
  integrity sha512-GZW464g1SH7ag3Y7hXjf8RoUuAFIqklOAq3MRl4OaWabTFJY9PN/E1YklhXLh+OQ3fM9yS2nOkCoS+WLZ6kvxQ==
  dependencies:
    d3-array "2.10.0 - 3"
    d3-format "1 - 3"
    d3-interpolate "1.2.0 - 3"
    d3-time "2.1.1 - 3"
    d3-time-format "2 - 4"

d3-shape@^1.0.6, d3-shape@^1.2.0:
  version "1.3.7"
  resolved "https://registry.yarnpkg.com/d3-shape/-/d3-shape-1.3.7.tgz#df63801be07bc986bc54f63789b4fe502992b5d7"
  integrity sha512-EUkvKjqPFUAZyOlhY5gzCxCeI0Aep04LwIRpsZ/mLFelJiUfnK56jo5JMDSE7yyP2kLSb6LtF+S5chMk7uqPqw==
  dependencies:
    d3-path "1"

"d3-time-format@2 - 4":
  version "4.1.0"
  resolved "https://registry.yarnpkg.com/d3-time-format/-/d3-time-format-4.1.0.tgz#7ab5257a5041d11ecb4fe70a5c7d16a195bb408a"
  integrity sha512-dJxPBlzC7NugB2PDLwo9Q8JiTR3M3e4/XANkreKSUxF8vvXKqm1Yfq4Q5dl8budlunRVlUUaDUgFt7eA8D6NLg==
  dependencies:
    d3-time "1 - 3"

"d3-time@1 - 3", "d3-time@2.1.1 - 3":
  version "3.1.0"
  resolved "https://registry.yarnpkg.com/d3-time/-/d3-time-3.1.0.tgz#9310db56e992e3c0175e1ef385e545e48a9bb5c7"
  integrity sha512-VqKjzBLejbSMT4IgbmVgDjpkYrNWUYJnbCGo874u7MMKIWsILRX+OpX/gTk8MqjpT1A/c6HY2dCA77ZN0lkQ2Q==
  dependencies:
    d3-array "2 - 3"

d3-time@^2.1.1:
  version "2.1.1"
  resolved "https://registry.yarnpkg.com/d3-time/-/d3-time-2.1.1.tgz#e9d8a8a88691f4548e68ca085e5ff956724a6682"
  integrity sha512-/eIQe/eR4kCQwq7yxi7z4c6qEXf2IYGcjoWB5OOQy4Tq9Uv39/947qlDcN2TLkiTzQWzvnsuYPB9TrWaNfipKQ==
  dependencies:
    d3-array "2"

"internmap@1 - 2":
  version "2.0.3"
  resolved "https://registry.yarnpkg.com/internmap/-/internmap-2.0.3.tgz#6685f23755e43c524e251d29cbc97248e3061009"
  integrity sha512-5Hh7Y1wQbvY5ooGgPbDaL5iYLAPzMTUrjMulskHLH6wnv/A+1q5rgEaiuqEjB+oxGXIVZs1FF+R/KPN3ZSQYYg==

internmap@^1.0.0:
  version "1.0.1"
  resolved "https://registry.yarnpkg.com/internmap/-/internmap-1.0.1.tgz#0017cc8a3b99605f0302f2b198d272e015e5df95"
  integrity sha512-lDB5YccMydFBtasVtxnZ3MRBHuaoE8GKsppq+EchKL2U4nK/DmEpPHNH8MZe5HkMtpSiTSOZwfN0tzYjO/lJEw==

"js-tokens@^3.0.0 || ^4.0.0":
  version "4.0.0"
  resolved "https://registry.yarnpkg.com/js-tokens/-/js-tokens-4.0.0.tgz#19203fb59991df98e3a287050d4647cdeaf32499"
  integrity sha512-RdJUflcE3cUzKiMqQgsCu06FPu9UdIJO0beYbPhHN4k6apgJtifcoCtT9bcxOpYBtpD2kCM6Sbzg4CausW/PKQ==

lodash@^4.17.21:
  version "4.17.21"
  resolved "https://registry.yarnpkg.com/lodash/-/lodash-4.17.21.tgz#679591c564c3bffaae8454cf0b3df370c3d6911c"
  integrity sha512-v2kDEe57lecTulaDIuNTPy3Ry4gLGJ6Z1O3vE1krgXZNrsQ+LFTGHVxVjcXPs17LhbZVGedAJv8XZ1tvj5FvSg==

loose-envify@^1.4.0:
  version "1.4.0"
  resolved "https://registry.yarnpkg.com/loose-envify/-/loose-envify-1.4.0.tgz#71ee51fa7be4caec1a63839f7e682d8132d30caf"
  integrity sha512-lyuxPGr/Wfhrlem2CL/UcnUc1zcqKAImBDzukY7Y5F/yQiNdko6+fRLevlw1HgMySw7f611UIY408EtxRSoK3Q==
  dependencies:
    js-tokens "^3.0.0 || ^4.0.0"

object-assign@^4.1.1:
  version "4.1.1"
  resolved "https://registry.yarnpkg.com/object-assign/-/object-assign-4.1.1.tgz#2109adc7965887cfc05cbbd442cac8bfbb360863"
  integrity sha512-rJgTQnkUnH1sFw8yT6VSU3zD3sWmu6sZhIseY8VX+GRu3P6F7Fu+JNDoXfklElbLJSnc3FUQHVe4cU5hj+BcUg==

prop-types@^15.5.10, prop-types@^15.5.7, prop-types@^15.6.1, prop-types@^15.6.2:
  version "15.8.1"
  resolved "https://registry.yarnpkg.com/prop-types/-/prop-types-15.8.1.tgz#67d87bf1a694f48435cf332c24af10214a3140b5"
  integrity sha512-oj87CgZICdulUohogVAR7AjlC0327U4el4L6eAvOqCeudMDVU0NThNaV+b9Df4dXgSP1gXMTnPdhfe/2qDH5cg==
  dependencies:
    loose-envify "^1.4.0"
    object-assign "^4.1.1"
    react-is "^16.13.1"

react-is@^16.13.1:
  version "16.13.1"
  resolved "https://registry.yarnpkg.com/react-is/-/react-is-16.13.1.tgz#789729a4dc36de2999dc156dd6c1d9c18cea56a4"
  integrity sha512-24e6ynE2H+OKt4kqsOvNd8kBpV65zoxbA4BVsEOB3ARVWQki/DHzaUoC5KuON/BiccDaCCTZBuOcfZs70kR8bQ==
